// !$*UTF8*$!
{
	archiveVersion = 1;
	classes = {
	};
	objectVersion = 55;
	objects = {

/* Begin PBXBuildFile section */
		206FE9DB28DB989F0041CBD8 /* AppDelegate.swift in Sources */ = {isa = PBXBuildFile; fileRef = 206FE9DA28DB989F0041CBD8 /* AppDelegate.swift */; };
		206FE9DD28DB989F0041CBD8 /* ViewController.swift in Sources */ = {isa = PBXBuildFile; fileRef = 206FE9DC28DB989F0041CBD8 /* ViewController.swift */; };
		206FE9DF28DB98A00041CBD8 /* Assets.xcassets in Resources */ = {isa = PBXBuildFile; fileRef = 206FE9DE28DB98A00041CBD8 /* Assets.xcassets */; };
		206FEA0828DB99840041CBD8 /* main.swift in Sources */ = {isa = PBXBuildFile; fileRef = 206FEA0728DB99840041CBD8 /* main.swift */; };
/* End PBXBuildFile section */

/* Begin PBXContainerItemProxy section */
		206FE9E928DB98A00041CBD8 /* PBXContainerItemProxy */ = {
			isa = PBXContainerItemProxy;
			containerPortal = 206FE9CF28DB989F0041CBD8 /* Project object */;
			proxyType = 1;
			remoteGlobalIDString = 206FE9D628DB989F0041CBD8;
			remoteInfo = DoseTrack;
		};
		206FE9F328DB98A00041CBD8 /* PBXContainerItemProxy */ = {
			isa = PBXContainerItemProxy;
			containerPortal = 206FE9CF28DB989F0041CBD8 /* Project object */;
			proxyType = 1;
			remoteGlobalIDString = 206FE9D628DB989F0041CBD8;
			remoteInfo = DoseTrack;
		};
/* End PBXContainerItemProxy section */

/* Begin PBXFileReference section */
		206FE9D728DB989F0041CBD8 /* DoseTrack.app */ = {isa = PBXFileReference; explicitFileType = wrapper.application; includeInIndex = 0; path = DoseTrack.app; sourceTree = BUILT_PRODUCTS_DIR; };
		206FE9DA28DB989F0041CBD8 /* AppDelegate.swift */ = {isa = PBXFileReference; lastKnownFileType = sourcecode.swift; path = AppDelegate.swift; sourceTree = "<group>"; };
		206FE9DC28DB989F0041CBD8 /* ViewController.swift */ = {isa = PBXFileReference; lastKnownFileType = sourcecode.swift; path = ViewController.swift; sourceTree = "<group>"; };
		206FE9DE28DB98A00041CBD8 /* Assets.xcassets */ = {isa = PBXFileReference; lastKnownFileType = folder.assetcatalog; path = Assets.xcassets; sourceTree = "<group>"; };
		206FE9E328DB98A00041CBD8 /* DoseTrack.entitlements */ = {isa = PBXFileReference; lastKnownFileType = text.plist.entitlements; path = DoseTrack.entitlements; sourceTree = "<group>"; };
		206FE9E828DB98A00041CBD8 /* DoseTrackTests.xctest */ = {isa = PBXFileReference; explicitFileType = wrapper.cfbundle; includeInIndex = 0; path = DoseTrackTests.xctest; sourceTree = BUILT_PRODUCTS_DIR; };
		206FE9F228DB98A00041CBD8 /* DoseTrackUITests.xctest */ = {isa = PBXFileReference; explicitFileType = wrapper.cfbundle; includeInIndex = 0; path = DoseTrackUITests.xctest; sourceTree = BUILT_PRODUCTS_DIR; };
		206FEA0728DB99840041CBD8 /* main.swift */ = {isa = PBXFileReference; lastKnownFileType = sourcecode.swift; path = main.swift; sourceTree = "<group>"; };
/* End PBXFileReference section */

/* Begin PBXFrameworksBuildPhase section */
		206FE9D428DB989F0041CBD8 /* Frameworks */ = {
			isa = PBXFrameworksBuildPhase;
			buildActionMask = 2147483647;
			files = (
			);
			runOnlyForDeploymentPostprocessing = 0;
		};
		206FE9E528DB98A00041CBD8 /* Frameworks */ = {
			isa = PBXFrameworksBuildPhase;
			buildActionMask = 2147483647;
			files = (
			);
			runOnlyForDeploymentPostprocessing = 0;
		};
		206FE9EF28DB98A00041CBD8 /* Frameworks */ = {
			isa = PBXFrameworksBuildPhase;
			buildActionMask = 2147483647;
			files = (
			);
			runOnlyForDeploymentPostprocessing = 0;
		};
/* End PBXFrameworksBuildPhase section */

/* Begin PBXGroup section */
		206FE9CE28DB989F0041CBD8 = {
			isa = PBXGroup;
			children = (
				206FE9D928DB989F0041CBD8 /* DoseTrack */,
				206FE9D828DB989F0041CBD8 /* Products */,
			);
			sourceTree = "<group>";
		};
		206FE9D828DB989F0041CBD8 /* Products */ = {
			isa = PBXGroup;
			children = (
				206FE9D728DB989F0041CBD8 /* DoseTrack.app */,
				206FE9E828DB98A00041CBD8 /* DoseTrackTests.xctest */,
				206FE9F228DB98A00041CBD8 /* DoseTrackUITests.xctest */,
			);
			name = Products;
			sourceTree = "<group>";
		};
		206FE9D928DB989F0041CBD8 /* DoseTrack */ = {
			isa = PBXGroup;
			children = (
				206FE9DA28DB989F0041CBD8 /* AppDelegate.swift */,
				206FE9DC28DB989F0041CBD8 /* ViewController.swift */,
				206FE9DE28DB98A00041CBD8 /* Assets.xcassets */,
				206FE9E328DB98A00041CBD8 /* DoseTrack.entitlements */,
				206FEA0728DB99840041CBD8 /* main.swift */,
			);
			path = DoseTrack;
			sourceTree = "<group>";
		};
/* End PBXGroup section */

/* Begin PBXNativeTarget section */
		206FE9D628DB989F0041CBD8 /* DoseTrack */ = {
			isa = PBXNativeTarget;
			buildConfigurationList = 206FE9FC28DB98A00041CBD8 /* Build configuration list for PBXNativeTarget "DoseTrack" */;
			buildPhases = (
				206FE9D328DB989F0041CBD8 /* Sources */,
				206FE9D428DB989F0041CBD8 /* Frameworks */,
				206FE9D528DB989F0041CBD8 /* Resources */,
			);
			buildRules = (
			);
			dependencies = (
			);
			name = DoseTrack;
			productName = DoseTrack;
			productReference = 206FE9D728DB989F0041CBD8 /* DoseTrack.app */;
			productType = "com.apple.product-type.application";
		};
		206FE9E728DB98A00041CBD8 /* DoseTrackTests */ = {
			isa = PBXNativeTarget;
			buildConfigurationList = 206FE9FF28DB98A00041CBD8 /* Build configuration list for PBXNativeTarget "DoseTrackTests" */;
			buildPhases = (
				206FE9E428DB98A00041CBD8 /* Sources */,
				206FE9E528DB98A00041CBD8 /* Frameworks */,
				206FE9E628DB98A00041CBD8 /* Resources */,
			);
			buildRules = (
			);
			dependencies = (
				206FE9EA28DB98A00041CBD8 /* PBXTargetDependency */,
			);
			name = DoseTrackTests;
			productName = DoseTrackTests;
			productReference = 206FE9E828DB98A00041CBD8 /* DoseTrackTests.xctest */;
			productType = "com.apple.product-type.bundle.unit-test";
		};
		206FE9F128DB98A00041CBD8 /* DoseTrackUITests */ = {
			isa = PBXNativeTarget;
			buildConfigurationList = 206FEA0228DB98A00041CBD8 /* Build configuration list for PBXNativeTarget "DoseTrackUITests" */;
			buildPhases = (
				206FE9EE28DB98A00041CBD8 /* Sources */,
				206FE9EF28DB98A00041CBD8 /* Frameworks */,
				206FE9F028DB98A00041CBD8 /* Resources */,
			);
			buildRules = (
			);
			dependencies = (
				206FE9F428DB98A00041CBD8 /* PBXTargetDependency */,
			);
			name = DoseTrackUITests;
			productName = DoseTrackUITests;
			productReference = 206FE9F228DB98A00041CBD8 /* DoseTrackUITests.xctest */;
			productType = "com.apple.product-type.bundle.ui-testing";
		};
/* End PBXNativeTarget section */

/* Begin PBXProject section */
		206FE9CF28DB989F0041CBD8 /* Project object */ = {
			isa = PBXProject;
			attributes = {
				BuildIndependentTargetsInParallel = 1;
				LastSwiftUpdateCheck = 1340;
				LastUpgradeCheck = 1340;
				TargetAttributes = {
					206FE9D628DB989F0041CBD8 = {
						CreatedOnToolsVersion = 13.4.1;
					};
					206FE9E728DB98A00041CBD8 = {
						CreatedOnToolsVersion = 13.4.1;
						TestTargetID = 206FE9D628DB989F0041CBD8;
					};
					206FE9F128DB98A00041CBD8 = {
						CreatedOnToolsVersion = 13.4.1;
						TestTargetID = 206FE9D628DB989F0041CBD8;
					};
				};
			};
			buildConfigurationList = 206FE9D228DB989F0041CBD8 /* Build configuration list for PBXProject "DoseTrack" */;
			compatibilityVersion = "Xcode 13.0";
			developmentRegion = en;
			hasScannedForEncodings = 0;
			knownRegions = (
				en,
				Base,
			);
			mainGroup = 206FE9CE28DB989F0041CBD8;
			productRefGroup = 206FE9D828DB989F0041CBD8 /* Products */;
			projectDirPath = "";
			projectRoot = "";
			targets = (
				206FE9D628DB989F0041CBD8 /* DoseTrack */,
				206FE9E728DB98A00041CBD8 /* DoseTrackTests */,
				206FE9F128DB98A00041CBD8 /* DoseTrackUITests */,
			);
		};
/* End PBXProject section */

/* Begin PBXResourcesBuildPhase section */
		206FE9D528DB989F0041CBD8 /* Resources */ = {
			isa = PBXResourcesBuildPhase;
			buildActionMask = 2147483647;
			files = (
				206FE9DF28DB98A00041CBD8 /* Assets.xcassets in Resources */,
			);
			runOnlyForDeploymentPostprocessing = 0;
		};
		206FE9E628DB98A00041CBD8 /* Resources */ = {
			isa = PBXResourcesBuildPhase;
			buildActionMask = 2147483647;
			files = (
			);
			runOnlyForDeploymentPostprocessing = 0;
		};
		206FE9F028DB98A00041CBD8 /* Resources */ = {
			isa = PBXResourcesBuildPhase;
			buildActionMask = 2147483647;
			files = (
			);
			runOnlyForDeploymentPostprocessing = 0;
		};
/* End PBXResourcesBuildPhase section */

/* Begin PBXSourcesBuildPhase section */
		206FE9D328DB989F0041CBD8 /* Sources */ = {
			isa = PBXSourcesBuildPhase;
			buildActionMask = 2147483647;
			files = (
				206FE9DD28DB989F0041CBD8 /* ViewController.swift in Sources */,
				206FE9DB28DB989F0041CBD8 /* AppDelegate.swift in Sources */,
				206FEA0828DB99840041CBD8 /* main.swift in Sources */,
			);
			runOnlyForDeploymentPostprocessing = 0;
		};
		206FE9E428DB98A00041CBD8 /* Sources */ = {
			isa = PBXSourcesBuildPhase;
			buildActionMask = 2147483647;
			files = (
			);
			runOnlyForDeploymentPostprocessing = 0;
		};
		206FE9EE28DB98A00041CBD8 /* Sources */ = {
			isa = PBXSourcesBuildPhase;
			buildActionMask = 2147483647;
			files = (
			);
			runOnlyForDeploymentPostprocessing = 0;
		};
/* End PBXSourcesBuildPhase section */

/* Begin PBXTargetDependency section */
		206FE9EA28DB98A00041CBD8 /* PBXTargetDependency */ = {
			isa = PBXTargetDependency;
			target = 206FE9D628DB989F0041CBD8 /* DoseTrack */;
			targetProxy = 206FE9E928DB98A00041CBD8 /* PBXContainerItemProxy */;
		};
		206FE9F428DB98A00041CBD8 /* PBXTargetDependency */ = {
			isa = PBXTargetDependency;
			target = 206FE9D628DB989F0041CBD8 /* DoseTrack */;
			targetProxy = 206FE9F328DB98A00041CBD8 /* PBXContainerItemProxy */;
		};
/* End PBXTargetDependency section */

/* Begin XCBuildConfiguration section */
		206FE9FA28DB98A00041CBD8 /* Debug */ = {
			isa = XCBuildConfiguration;
			buildSettings = {
				ALWAYS_SEARCH_USER_PATHS = NO;
				CLANG_ANALYZER_NONNULL = YES;
				CLANG_ANALYZER_NUMBER_OBJECT_CONVERSION = YES_AGGRESSIVE;
				CLANG_CXX_LANGUAGE_STANDARD = "gnu++17";
				CLANG_ENABLE_MODULES = YES;
				CLANG_ENABLE_OBJC_ARC = YES;
				CLANG_ENABLE_OBJC_WEAK = YES;
				CLANG_WARN_BLOCK_CAPTURE_AUTORELEASING = YES;
				CLANG_WARN_BOOL_CONVERSION = YES;
				CLANG_WARN_COMMA = YES;
				CLANG_WARN_CONSTANT_CONVERSION = YES;
				CLANG_WARN_DEPRECATED_OBJC_IMPLEMENTATIONS = YES;
				CLANG_WARN_DIRECT_OBJC_ISA_USAGE = YES_ERROR;
				CLANG_WARN_DOCUMENTATION_COMMENTS = YES;
				CLANG_WARN_EMPTY_BODY = YES;
				CLANG_WARN_ENUM_CONVERSION = YES;
				CLANG_WARN_INFINITE_RECURSION = YES;
				CLANG_WARN_INT_CONVERSION = YES;
				CLANG_WARN_NON_LITERAL_NULL_CONVERSION = YES;
				CLANG_WARN_OBJC_IMPLICIT_RETAIN_SELF = YES;
				CLANG_WARN_OBJC_LITERAL_CONVERSION = YES;
				CLANG_WARN_OBJC_ROOT_CLASS = YES_ERROR;
				CLANG_WARN_QUOTED_INCLUDE_IN_FRAMEWORK_HEADER = YES;
				CLANG_WARN_RANGE_LOOP_ANALYSIS = YES;
				CLANG_WARN_STRICT_PROTOTYPES = YES;
				CLANG_WARN_SUSPICIOUS_MOVE = YES;
				CLANG_WARN_UNGUARDED_AVAILABILITY = YES_AGGRESSIVE;
				CLANG_WARN_UNREACHABLE_CODE = YES;
				CLANG_WARN__DUPLICATE_METHOD_MATCH = YES;
				COPY_PHASE_STRIP = NO;
				DEBUG_INFORMATION_FORMAT = dwarf;
				ENABLE_STRICT_OBJC_MSGSEND = YES;
				ENABLE_TESTABILITY = YES;
				GCC_C_LANGUAGE_STANDARD = gnu11;
				GCC_DYNAMIC_NO_PIC = NO;
				GCC_NO_COMMON_BLOCKS = YES;
				GCC_OPTIMIZATION_LEVEL = 0;
				GCC_PREPROCESSOR_DEFINITIONS = (
					"DEBUG=1",
					"$(inherited)",
				);
				GCC_WARN_64_TO_32_BIT_CONVERSION = YES;
				GCC_WARN_ABOUT_RETURN_TYPE = YES_ERROR;
				GCC_WARN_UNDECLARED_SELECTOR = YES;
				GCC_WARN_UNINITIALIZED_AUTOS = YES_AGGRESSIVE;
				GCC_WARN_UNUSED_FUNCTION = YES;
				GCC_WARN_UNUSED_VARIABLE = YES;
				MACOSX_DEPLOYMENT_TARGET = 12.0;
				MTL_ENABLE_DEBUG_INFO = INCLUDE_SOURCE;
				MTL_FAST_MATH = YES;
				ONLY_ACTIVE_ARCH = YES;
				SDKROOT = macosx;
				SWIFT_ACTIVE_COMPILATION_CONDITIONS = DEBUG;
				SWIFT_OPTIMIZATION_LEVEL = "-Onone";
			};
			name = Debug;
		};
		206FE9FB28DB98A00041CBD8 /* Release */ = {
			isa = XCBuildConfiguration;
			buildSettings = {
				ALWAYS_SEARCH_USER_PATHS = NO;
				CLANG_ANALYZER_NONNULL = YES;
				CLANG_ANALYZER_NUMBER_OBJECT_CONVERSION = YES_AGGRESSIVE;
				CLANG_CXX_LANGUAGE_STANDARD = "gnu++17";
				CLANG_ENABLE_MODULES = YES;
				CLANG_ENABLE_OBJC_ARC = YES;
				CLANG_ENABLE_OBJC_WEAK = YES;
				CLANG_WARN_BLOCK_CAPTURE_AUTORELEASING = YES;
				CLANG_WARN_BOOL_CONVERSION = YES;
				CLANG_WARN_COMMA = YES;
				CLANG_WARN_CONSTANT_CONVERSION = YES;
				CLANG_WARN_DEPRECATED_OBJC_IMPLEMENTATIONS = YES;
				CLANG_WARN_DIRECT_OBJC_ISA_USAGE = YES_ERROR;
				CLANG_WARN_DOCUMENTATION_COMMENTS = YES;
				CLANG_WARN_EMPTY_BODY = YES;
				CLANG_WARN_ENUM_CONVERSION = YES;
				CLANG_WARN_INFINITE_RECURSION = YES;
				CLANG_WARN_INT_CONVERSION = YES;
				CLANG_WARN_NON_LITERAL_NULL_CONVERSION = YES;
				CLANG_WARN_OBJC_IMPLICIT_RETAIN_SELF = YES;
				CLANG_WARN_OBJC_LITERAL_CONVERSION = YES;
				CLANG_WARN_OBJC_ROOT_CLASS = YES_ERROR;
				CLANG_WARN_QUOTED_INCLUDE_IN_FRAMEWORK_HEADER = YES;
				CLANG_WARN_RANGE_LOOP_ANALYSIS = YES;
				CLANG_WARN_STRICT_PROTOTYPES = YES;
				CLANG_WARN_SUSPICIOUS_MOVE = YES;
				CLANG_WARN_UNGUARDED_AVAILABILITY = YES_AGGRESSIVE;
				CLANG_WARN_UNREACHABLE_CODE = YES;
				CLANG_WARN__DUPLICATE_METHOD_MATCH = YES;
				COPY_PHASE_STRIP = NO;
				DEBUG_INFORMATION_FORMAT = "dwarf-with-dsym";
				ENABLE_NS_ASSERTIONS = NO;
				ENABLE_STRICT_OBJC_MSGSEND = YES;
				GCC_C_LANGUAGE_STANDARD = gnu11;
				GCC_NO_COMMON_BLOCKS = YES;
				GCC_WARN_64_TO_32_BIT_CONVERSION = YES;
				GCC_WARN_ABOUT_RETURN_TYPE = YES_ERROR;
				GCC_WARN_UNDECLARED_SELECTOR = YES;
				GCC_WARN_UNINITIALIZED_AUTOS = YES_AGGRESSIVE;
				GCC_WARN_UNUSED_FUNCTION = YES;
				GCC_WARN_UNUSED_VARIABLE = YES;
				MACOSX_DEPLOYMENT_TARGET = 12.0;
				MTL_ENABLE_DEBUG_INFO = NO;
				MTL_FAST_MATH = YES;
				SDKROOT = macosx;
				SWIFT_COMPILATION_MODE = wholemodule;
				SWIFT_OPTIMIZATION_LEVEL = "-O";
			};
			name = Release;
		};
		206FE9FD28DB98A00041CBD8 /* Debug */ = {
			isa = XCBuildConfiguration;
			buildSettings = {
				ASSETCATALOG_COMPILER_APPICON_NAME = AppIcon;
				ASSETCATALOG_COMPILER_GLOBAL_ACCENT_COLOR_NAME = AccentColor;
				CODE_SIGN_ENTITLEMENTS = DoseTrack/DoseTrack.entitlements;
				CODE_SIGN_STYLE = Automatic;
				COMBINE_HIDPI_IMAGES = YES;
				CURRENT_PROJECT_VERSION = 1;
				DEVELOPMENT_TEAM = B89ZA48C47;
				ENABLE_HARDENED_RUNTIME = YES;
				GENERATE_INFOPLIST_FILE = YES;
				INFOPLIST_KEY_NSHumanReadableCopyright = "";
				INFOPLIST_KEY_NSPrincipalClass = NSApplication;
				LD_RUNPATH_SEARCH_PATHS = (
					"$(inherited)",
					"@executable_path/../Frameworks",
				);
				MARKETING_VERSION = 1.0;
				PRODUCT_BUNDLE_IDENTIFIER = neale.DoseTrack;
				PRODUCT_NAME = "$(TARGET_NAME)";
				SWIFT_EMIT_LOC_STRINGS = YES;
				SWIFT_VERSION = 5.0;
			};
			name = Debug;
		};
		206FE9FE28DB98A00041CBD8 /* Release */ = {
			isa = XCBuildConfiguration;
			buildSettings = {
				ASSETCATALOG_COMPILER_APPICON_NAME = AppIcon;
				ASSETCATALOG_COMPILER_GLOBAL_ACCENT_COLOR_NAME = AccentColor;
				CODE_SIGN_ENTITLEMENTS = DoseTrack/DoseTrack.entitlements;
				CODE_SIGN_STYLE = Automatic;
				COMBINE_HIDPI_IMAGES = YES;
				CURRENT_PROJECT_VERSION = 1;
				DEVELOPMENT_TEAM = B89ZA48C47;
				ENABLE_HARDENED_RUNTIME = YES;
				GENERATE_INFOPLIST_FILE = YES;
				INFOPLIST_KEY_NSHumanReadableCopyright = "";
				INFOPLIST_KEY_NSPrincipalClass = NSApplication;
				LD_RUNPATH_SEARCH_PATHS = (
					"$(inherited)",
					"@executable_path/../Frameworks",
				);
				MARKETING_VERSION = 1.0;
				PRODUCT_BUNDLE_IDENTIFIER = neale.DoseTrack;
				PRODUCT_NAME = "$(TARGET_NAME)";
				SWIFT_EMIT_LOC_STRINGS = YES;
				SWIFT_VERSION = 5.0;
			};
			name = Release;
		};
		206FEA0028DB98A00041CBD8 /* Debug */ = {
			isa = XCBuildConfiguration;
			buildSettings = {
				ALWAYS_EMBED_SWIFT_STANDARD_LIBRARIES = YES;
				BUNDLE_LOADER = "$(TEST_HOST)";
				CODE_SIGN_STYLE = Automatic;
				CURRENT_PROJECT_VERSION = 1;
				DEVELOPMENT_TEAM = B89ZA48C47;
				GENERATE_INFOPLIST_FILE = YES;
				MACOSX_DEPLOYMENT_TARGET = 12.0;
				MARKETING_VERSION = 1.0;
				PRODUCT_BUNDLE_IDENTIFIER = neale.DoseTrackTests;
				PRODUCT_NAME = "$(TARGET_NAME)";
				SWIFT_EMIT_LOC_STRINGS = NO;
				SWIFT_VERSION = 5.0;
				TEST_HOST = "$(BUILT_PRODUCTS_DIR)/DoseTrack.app/Contents/MacOS/DoseTrack";
			};
			name = Debug;
		};
		206FEA0128DB98A00041CBD8 /* Release */ = {
			isa = XCBuildConfiguration;
			buildSettings = {
				ALWAYS_EMBED_SWIFT_STANDARD_LIBRARIES = YES;
				BUNDLE_LOADER = "$(TEST_HOST)";
				CODE_SIGN_STYLE = Automatic;
				CURRENT_PROJECT_VERSION = 1;
				DEVELOPMENT_TEAM = B89ZA48C47;
				GENERATE_INFOPLIST_FILE = YES;
				MACOSX_DEPLOYMENT_TARGET = 12.0;
				MARKETING_VERSION = 1.0;
				PRODUCT_BUNDLE_IDENTIFIER = neale.DoseTrackTests;
				PRODUCT_NAME = "$(TARGET_NAME)";
				SWIFT_EMIT_LOC_STRINGS = NO;
				SWIFT_VERSION = 5.0;
				TEST_HOST = "$(BUILT_PRODUCTS_DIR)/DoseTrack.app/Contents/MacOS/DoseTrack";
			};
			name = Release;
		};
		206FEA0328DB98A00041CBD8 /* Debug */ = {
			isa = XCBuildConfiguration;
			buildSettings = {
				ALWAYS_EMBED_SWIFT_STANDARD_LIBRARIES = YES;
				CODE_SIGN_STYLE = Automatic;
				CURRENT_PROJECT_VERSION = 1;
				DEVELOPMENT_TEAM = B89ZA48C47;
				GENERATE_INFOPLIST_FILE = YES;
				MARKETING_VERSION = 1.0;
				PRODUCT_BUNDLE_IDENTIFIER = neale.DoseTrackUITests;
				PRODUCT_NAME = "$(TARGET_NAME)";
				SWIFT_EMIT_LOC_STRINGS = NO;
				SWIFT_VERSION = 5.0;
				TEST_TARGET_NAME = DoseTrack;
			};
			name = Debug;
		};
		206FEA0428DB98A00041CBD8 /* Release */ = {
			isa = XCBuildConfiguration;
			buildSettings = {
				ALWAYS_EMBED_SWIFT_STANDARD_LIBRARIES = YES;
				CODE_SIGN_STYLE = Automatic;
				CURRENT_PROJECT_VERSION = 1;
				DEVELOPMENT_TEAM = B89ZA48C47;
				GENERATE_INFOPLIST_FILE = YES;
				MARKETING_VERSION = 1.0;
				PRODUCT_BUNDLE_IDENTIFIER = neale.DoseTrackUITests;
				PRODUCT_NAME = "$(TARGET_NAME)";
				SWIFT_EMIT_LOC_STRINGS = NO;
				SWIFT_VERSION = 5.0;
				TEST_TARGET_NAME = DoseTrack;
			};
			name = Release;
		};
/* End XCBuildConfiguration section */

/* Begin XCConfigurationList section */
		206FE9D228DB989F0041CBD8 /* Build configuration list for PBXProject "DoseTrack" */ = {
			isa = XCConfigurationList;
			buildConfigurations = (
				206FE9FA28DB98A00041CBD8 /* Debug */,
				206FE9FB28DB98A00041CBD8 /* Release */,
			);
			defaultConfigurationIsVisible = 0;
			defaultConfigurationName = Release;
		};
		206FE9FC28DB98A00041CBD8 /* Build configuration list for PBXNativeTarget "DoseTrack" */ = {
			isa = XCConfigurationList;
			buildConfigurations = (
				206FE9FD28DB98A00041CBD8 /* Debug */,
				206FE9FE28DB98A00041CBD8 /* Release */,
			);
			defaultConfigurationIsVisible = 0;
			defaultConfigurationName = Release;
		};
		206FE9FF28DB98A00041CBD8 /* Build configuration list for PBXNativeTarget "DoseTrackTests" */ = {
			isa = XCConfigurationList;
			buildConfigurations = (
				206FEA0028DB98A00041CBD8 /* Debug */,
				206FEA0128DB98A00041CBD8 /* Release */,
			);
			defaultConfigurationIsVisible = 0;
			defaultConfigurationName = Release;
		};
		206FEA0228DB98A00041CBD8 /* Build configuration list for PBXNativeTarget "DoseTrackUITests" */ = {
			isa = XCConfigurationList;
			buildConfigurations = (
				206FEA0328DB98A00041CBD8 /* Debug */,
				206FEA0428DB98A00041CBD8 /* Release */,
			);
			defaultConfigurationIsVisible = 0;
			defaultConfigurationName = Release;
		};
/* End XCConfigurationList section */
	};
	rootObject = 206FE9CF28DB989F0041CBD8 /* Project object */;
}
